
Microsoft Visual Studio Solution File, Format Version 12.00
# Visual Studio Version 17
VisualStudioVersion = 17.11.35222.181
MinimumVisualStudioVersion = 10.0.40219.1
Project("{8BC9CEB8-8B4A-11D0-8D11-00A0C91BC942}") = "1.6", "1.6\1.6.vcxproj", "{6D6F9F4B-D4DA-4FB5-952F-74EEC37A2C85}"
EndProject
Project("{8BC9CEB8-8B4A-11D0-8D11-00A0C91BC942}") = "2.1", "2.1\2.1.vcxproj", "{A96C6211-437D-431E-88C9-E233524C7E52}"
EndProject
Project("{8BC9CEB8-8B4A-11D0-8D11-00A0C91BC942}") = "2.2", "2.2\2.2.vcxproj", "{025119B2-192F-44B4-8725-9D24841AA4F8}"
EndProject
Project("{8BC9CEB8-8B4A-11D0-8D11-00A0C91BC942}") = "RGR", "RGR\RGR.vcxproj", "{B6A4464A-CD44-4545-BDE4-DB432B72447F}"
EndProject
Project("{2150E333-8FDC-42A3-9474-1A3956D46DE8}") = "2.3", "2.3", "{B3CC78A2-D430-4788-9F5C-AC1153F7CCC4}"
EndProject
Project("{8BC9CEB8-8B4A-11D0-8D11-00A0C91BC942}") = "2.3.1", "2.3.1\2.3.1.vcxproj", "{9F9FE928-D603-4893-BC9D-698C1ED47C11}"
EndProject
Project("{8BC9CEB8-8B4A-11D0-8D11-00A0C91BC942}") = "2.3.2", "2.3.2\2.3.2.vcxproj", "{25BAF155-7438-4130-ADFB-54320D4B879C}"
EndProject
Project("{8BC9CEB8-8B4A-11D0-8D11-00A0C91BC942}") = "2.4", "2.4\2.4.vcxproj", "{6DDB0C4D-A573-4E68-BB52-21C6BE1917F7}"
EndProject
Global
	GlobalSection(SolutionConfigurationPlatforms) = preSolution
		Debug|x64 = Debug|x64
		Debug|x86 = Debug|x86
		Release|x64 = Release|x64
		Release|x86 = Release|x86
	EndGlobalSection
	GlobalSection(ProjectConfigurationPlatforms) = postSolution
		{6D6F9F4B-D4DA-4FB5-952F-74EEC37A2C85}.Debug|x64.ActiveCfg = Debug|x64
		{6D6F9F4B-D4DA-4FB5-952F-74EEC37A2C85}.Debug|x64.Build.0 = Debug|x64
		{6D6F9F4B-D4DA-4FB5-952F-74EEC37A2C85}.Debug|x86.ActiveCfg = Debug|Win32
		{6D6F9F4B-D4DA-4FB5-952F-74EEC37A2C85}.Debug|x86.Build.0 = Debug|Win32
		{6D6F9F4B-D4DA-4FB5-952F-74EEC37A2C85}.Release|x64.ActiveCfg = Release|x64
		{6D6F9F4B-D4DA-4FB5-952F-74EEC37A2C85}.Release|x64.Build.0 = Release|x64
		{6D6F9F4B-D4DA-4FB5-952F-74EEC37A2C85}.Release|x86.ActiveCfg = Release|Win32
		{6D6F9F4B-D4DA-4FB5-952F-74EEC37A2C85}.Release|x86.Build.0 = Release|Win32
		{A96C6211-437D-431E-88C9-E233524C7E52}.Debug|x64.ActiveCfg = Debug|x64
		{A96C6211-437D-431E-88C9-E233524C7E52}.Debug|x64.Build.0 = Debug|x64
		{A96C6211-437D-431E-88C9-E233524C7E52}.Debug|x86.ActiveCfg = Debug|Win32
		{A96C6211-437D-431E-88C9-E233524C7E52}.Debug|x86.Build.0 = Debug|Win32
		{A96C6211-437D-431E-88C9-E233524C7E52}.Release|x64.ActiveCfg = Release|x64
		{A96C6211-437D-431E-88C9-E233524C7E52}.Release|x64.Build.0 = Release|x64
		{A96C6211-437D-431E-88C9-E233524C7E52}.Release|x86.ActiveCfg = Release|Win32
		{A96C6211-437D-431E-88C9-E233524C7E52}.Release|x86.Build.0 = Release|Win32
		{025119B2-192F-44B4-8725-9D24841AA4F8}.Debug|x64.ActiveCfg = Debug|x64
		{025119B2-192F-44B4-8725-9D24841AA4F8}.Debug|x64.Build.0 = Debug|x64
		{025119B2-192F-44B4-8725-9D24841AA4F8}.Debug|x86.ActiveCfg = Debug|Win32
		{025119B2-192F-44B4-8725-9D24841AA4F8}.Debug|x86.Build.0 = Debug|Win32
		{025119B2-192F-44B4-8725-9D24841AA4F8}.Release|x64.ActiveCfg = Release|x64
		{025119B2-192F-44B4-8725-9D24841AA4F8}.Release|x64.Build.0 = Release|x64
		{025119B2-192F-44B4-8725-9D24841AA4F8}.Release|x86.ActiveCfg = Release|Win32
		{025119B2-192F-44B4-8725-9D24841AA4F8}.Release|x86.Build.0 = Release|Win32
		{B6A4464A-CD44-4545-BDE4-DB432B72447F}.Debug|x64.ActiveCfg = Debug|x64
		{B6A4464A-CD44-4545-BDE4-DB432B72447F}.Debug|x64.Build.0 = Debug|x64
		{B6A4464A-CD44-4545-BDE4-DB432B72447F}.Debug|x86.ActiveCfg = Debug|Win32
		{B6A4464A-CD44-4545-BDE4-DB432B72447F}.Debug|x86.Build.0 = Debug|Win32
		{B6A4464A-CD44-4545-BDE4-DB432B72447F}.Release|x64.ActiveCfg = Release|x64
		{B6A4464A-CD44-4545-BDE4-DB432B72447F}.Release|x64.Build.0 = Release|x64
		{B6A4464A-CD44-4545-BDE4-DB432B72447F}.Release|x86.ActiveCfg = Release|Win32
		{B6A4464A-CD44-4545-BDE4-DB432B72447F}.Release|x86.Build.0 = Release|Win32
		{9F9FE928-D603-4893-BC9D-698C1ED47C11}.Debug|x64.ActiveCfg = Debug|x64
		{9F9FE928-D603-4893-BC9D-698C1ED47C11}.Debug|x64.Build.0 = Debug|x64
		{9F9FE928-D603-4893-BC9D-698C1ED47C11}.Debug|x86.ActiveCfg = Debug|Win32
		{9F9FE928-D603-4893-BC9D-698C1ED47C11}.Debug|x86.Build.0 = Debug|Win32
		{9F9FE928-D603-4893-BC9D-698C1ED47C11}.Release|x64.ActiveCfg = Release|x64
		{9F9FE928-D603-4893-BC9D-698C1ED47C11}.Release|x64.Build.0 = Release|x64
		{9F9FE928-D603-4893-BC9D-698C1ED47C11}.Release|x86.ActiveCfg = Release|Win32
		{9F9FE928-D603-4893-BC9D-698C1ED47C11}.Release|x86.Build.0 = Release|Win32
		{25BAF155-7438-4130-ADFB-54320D4B879C}.Debug|x64.ActiveCfg = Debug|x64
		{25BAF155-7438-4130-ADFB-54320D4B879C}.Debug|x64.Build.0 = Debug|x64
		{25BAF155-7438-4130-ADFB-54320D4B879C}.Debug|x86.ActiveCfg = Debug|Win32
		{25BAF155-7438-4130-ADFB-54320D4B879C}.Debug|x86.Build.0 = Debug|Win32
		{25BAF155-7438-4130-ADFB-54320D4B879C}.Release|x64.ActiveCfg = Release|x64
		{25BAF155-7438-4130-ADFB-54320D4B879C}.Release|x64.Build.0 = Release|x64
		{25BAF155-7438-4130-ADFB-54320D4B879C}.Release|x86.ActiveCfg = Release|Win32
		{25BAF155-7438-4130-ADFB-54320D4B879C}.Release|x86.Build.0 = Release|Win32
		{6DDB0C4D-A573-4E68-BB52-21C6BE1917F7}.Debug|x64.ActiveCfg = Debug|x64
		{6DDB0C4D-A573-4E68-BB52-21C6BE1917F7}.Debug|x64.Build.0 = Debug|x64
		{6DDB0C4D-A573-4E68-BB52-21C6BE1917F7}.Debug|x86.ActiveCfg = Debug|Win32
		{6DDB0C4D-A573-4E68-BB52-21C6BE1917F7}.Debug|x86.Build.0 = Debug|Win32
		{6DDB0C4D-A573-4E68-BB52-21C6BE1917F7}.Release|x64.ActiveCfg = Release|x64
		{6DDB0C4D-A573-4E68-BB52-21C6BE1917F7}.Release|x64.Build.0 = Release|x64
		{6DDB0C4D-A573-4E68-BB52-21C6BE1917F7}.Release|x86.ActiveCfg = Release|Win32
		{6DDB0C4D-A573-4E68-BB52-21C6BE1917F7}.Release|x86.Build.0 = Release|Win32
	EndGlobalSection
	GlobalSection(SolutionProperties) = preSolution
		HideSolutionNode = FALSE
	EndGlobalSection
	GlobalSection(NestedProjects) = preSolution
		{9F9FE928-D603-4893-BC9D-698C1ED47C11} = {B3CC78A2-D430-4788-9F5C-AC1153F7CCC4}
		{25BAF155-7438-4130-ADFB-54320D4B879C} = {B3CC78A2-D430-4788-9F5C-AC1153F7CCC4}
	EndGlobalSection
	GlobalSection(ExtensibilityGlobals) = postSolution
		SolutionGuid = {0057B58E-95FB-45D0-89C1-CBDD5D815739}
	EndGlobalSection
EndGlobal
